
Microsoft Visual Studio Solution File, Format Version 12.00
# Visual Studio Version 16
VisualStudioVersion = 16.0.30611.23
MinimumVisualStudioVersion = 10.0.40219.1
Project("{FAE04EC0-301F-11D3-BF4B-00C04F79EFBC}") = "Solari.Rodolfo.2A.TP3", "Solari.Rodolfo.2A.TP3\Solari.Rodolfo.2A.TP3.csproj", "{F82A6E9E-2095-44E9-80A7-4270C284E2A3}"
EndProject
Project("{FAE04EC0-301F-11D3-BF4B-00C04F79EFBC}") = "ClasesAbstractas", "ClasesAbstractas\ClasesAbstractas.csproj", "{99F28C73-1098-49CB-ACB7-339F25193DF3}"
EndProject
Project("{FAE04EC0-301F-11D3-BF4B-00C04F79EFBC}") = "ClasesInstanciables", "ClasesInstanciables\ClasesInstanciables.csproj", "{3D1AC9B3-FE25-4DED-B268-009C3BF7B4EC}"
EndProject
Project("{FAE04EC0-301F-11D3-BF4B-00C04F79EFBC}") = "Archivos", "Archivos\Archivos.csproj", "{141D86B7-1024-442E-A34B-6DD9FC32555F}"
EndProject
Project("{FAE04EC0-301F-11D3-BF4B-00C04F79EFBC}") = "Excepciones", "Excepciones\Excepciones.csproj", "{2FE51E83-4B06-47F7-823E-4C89EA54D85F}"
EndProject
Project("{FAE04EC0-301F-11D3-BF4B-00C04F79EFBC}") = "TestUnitariosTP3", "TestUnitariosTP3\TestUnitariosTP3.csproj", "{AD6FD9F7-439C-45EC-85E2-B89EA3EBD5CB}"
EndProject
Global
	GlobalSection(SolutionConfigurationPlatforms) = preSolution
		Debug|Any CPU = Debug|Any CPU
		Release|Any CPU = Release|Any CPU
	EndGlobalSection
	GlobalSection(ProjectConfigurationPlatforms) = postSolution
		{F82A6E9E-2095-44E9-80A7-4270C284E2A3}.Debug|Any CPU.ActiveCfg = Debug|Any CPU
		{F82A6E9E-2095-44E9-80A7-4270C284E2A3}.Debug|Any CPU.Build.0 = Debug|Any CPU
		{F82A6E9E-2095-44E9-80A7-4270C284E2A3}.Release|Any CPU.ActiveCfg = Release|Any CPU
		{F82A6E9E-2095-44E9-80A7-4270C284E2A3}.Release|Any CPU.Build.0 = Release|Any CPU
		{99F28C73-1098-49CB-ACB7-339F25193DF3}.Debug|Any CPU.ActiveCfg = Debug|Any CPU
		{99F28C73-1098-49CB-ACB7-339F25193DF3}.Debug|Any CPU.Build.0 = Debug|Any CPU
		{99F28C73-1098-49CB-ACB7-339F25193DF3}.Release|Any CPU.ActiveCfg = Release|Any CPU
		{99F28C73-1098-49CB-ACB7-339F25193DF3}.Release|Any CPU.Build.0 = Release|Any CPU
		{3D1AC9B3-FE25-4DED-B268-009C3BF7B4EC}.Debug|Any CPU.ActiveCfg = Debug|Any CPU
		{3D1AC9B3-FE25-4DED-B268-009C3BF7B4EC}.Debug|Any CPU.Build.0 = Debug|Any CPU
		{3D1AC9B3-FE25-4DED-B268-009C3BF7B4EC}.Release|Any CPU.ActiveCfg = Release|Any CPU
		{3D1AC9B3-FE25-4DED-B268-009C3BF7B4EC}.Release|Any CPU.Build.0 = Release|Any CPU
		{141D86B7-1024-442E-A34B-6DD9FC32555F}.Debug|Any CPU.ActiveCfg = Debug|Any CPU
		{141D86B7-1024-442E-A34B-6DD9FC32555F}.Debug|Any CPU.Build.0 = Debug|Any CPU
		{141D86B7-1024-442E-A34B-6DD9FC32555F}.Release|Any CPU.ActiveCfg = Release|Any CPU
		{141D86B7-1024-442E-A34B-6DD9FC32555F}.Release|Any CPU.Build.0 = Release|Any CPU
		{2FE51E83-4B06-47F7-823E-4C89EA54D85F}.Debug|Any CPU.ActiveCfg = Debug|Any CPU
		{2FE51E83-4B06-47F7-823E-4C89EA54D85F}.Debug|Any CPU.Build.0 = Debug|Any CPU
		{2FE51E83-4B06-47F7-823E-4C89EA54D85F}.Release|Any CPU.ActiveCfg = Release|Any CPU
		{2FE51E83-4B06-47F7-823E-4C89EA54D85F}.Release|Any CPU.Build.0 = Release|Any CPU
		{AD6FD9F7-439C-45EC-85E2-B89EA3EBD5CB}.Debug|Any CPU.ActiveCfg = Debug|Any CPU
		{AD6FD9F7-439C-45EC-85E2-B89EA3EBD5CB}.Debug|Any CPU.Build.0 = Debug|Any CPU
		{AD6FD9F7-439C-45EC-85E2-B89EA3EBD5CB}.Release|Any CPU.ActiveCfg = Release|Any CPU
		{AD6FD9F7-439C-45EC-85E2-B89EA3EBD5CB}.Release|Any CPU.Build.0 = Release|Any CPU
	EndGlobalSection
	GlobalSection(SolutionProperties) = preSolution
		HideSolutionNode = FALSE
	EndGlobalSection
	GlobalSection(ExtensibilityGlobals) = postSolution
		SolutionGuid = {257ED443-1DD5-4489-94E2-9BF58876B809}
	EndGlobalSection
EndGlobal
